
Microsoft Visual Studio Solution File, Format Version 12.00
# Visual Studio Version 17
VisualStudioVersion = 17.9.34622.214
MinimumVisualStudioVersion = 10.0.40219.1
Project("{FAE04EC0-301F-11D3-BF4B-00C04F79EFBC}") = "Repairing the Clock Tower", "Repairing the Clock Tower.csproj", "{3B0C407C-483F-4EFE-B196-A1F46E73DEB7}"
EndProject
Global
	GlobalSection(SolutionConfigurationPlatforms) = preSolution
		Debug|Any CPU = Debug|Any CPU
		Release|Any CPU = Release|Any CPU
	EndGlobalSection
	GlobalSection(ProjectConfigurationPlatforms) = postSolution
		{3B0C407C-483F-4EFE-B196-A1F46E73DEB7}.Debug|Any CPU.ActiveCfg = Debug|Any CPU
		{3B0C407C-483F-4EFE-B196-A1F46E73DEB7}.Debug|Any CPU.Build.0 = Debug|Any CPU
		{3B0C407C-483F-4EFE-B196-A1F46E73DEB7}.Release|Any CPU.ActiveCfg = Release|Any CPU
		{3B0C407C-483F-4EFE-B196-A1F46E73DEB7}.Release|Any CPU.Build.0 = Release|Any CPU
	EndGlobalSection
	GlobalSection(SolutionProperties) = preSolution
		HideSolutionNode = FALSE
	EndGlobalSection
	GlobalSection(ExtensibilityGlobals) = postSolution
		SolutionGuid = {47267D66-E8F6-428F-B3A4-A41BF9E23110}
	EndGlobalSection
EndGlobal
